
Microsoft Visual Studio Solution File, Format Version 12.00
# Visual Studio 14
VisualStudioVersion = 14.0.25123.0
MinimumVisualStudioVersion = 10.0.40219.1
Project("{FAE04EC0-301F-11D3-BF4B-00C04F79EFBC}") = "SleepingBus_UWP", "SleepingBus_UWP\SleepingBus_UWP.csproj", "{2BF9CCBE-54A3-4496-9768-12D1AF9AAB0D}"
EndProject
Project("{FAE04EC0-301F-11D3-BF4B-00C04F79EFBC}") = "SleepingBus_Android", "SleepingBus_Android\SleepingBus_Android.csproj", "{CB5D303E-C6CA-463E-A3F7-AC42ACC1E6AA}"
EndProject
Project("{FAE04EC0-301F-11D3-BF4B-00C04F79EFBC}") = "SleepingBus_Business", "SleepingBus_Business\SleepingBus_Business.csproj", "{9252C579-DA35-465C-A324-DDBC4D858214}"
EndProject
Global
	GlobalSection(SolutionConfigurationPlatforms) = preSolution
		Debug|Any CPU = Debug|Any CPU
		Debug|ARM = Debug|ARM
		Debug|x64 = Debug|x64
		Debug|x86 = Debug|x86
		Release|Any CPU = Release|Any CPU
		Release|ARM = Release|ARM
		Release|x64 = Release|x64
		Release|x86 = Release|x86
	EndGlobalSection
	GlobalSection(ProjectConfigurationPlatforms) = postSolution
		{2BF9CCBE-54A3-4496-9768-12D1AF9AAB0D}.Debug|Any CPU.ActiveCfg = Debug|x86
		{2BF9CCBE-54A3-4496-9768-12D1AF9AAB0D}.Debug|ARM.ActiveCfg = Debug|ARM
		{2BF9CCBE-54A3-4496-9768-12D1AF9AAB0D}.Debug|ARM.Build.0 = Debug|ARM
		{2BF9CCBE-54A3-4496-9768-12D1AF9AAB0D}.Debug|ARM.Deploy.0 = Debug|ARM
		{2BF9CCBE-54A3-4496-9768-12D1AF9AAB0D}.Debug|x64.ActiveCfg = Debug|x64
		{2BF9CCBE-54A3-4496-9768-12D1AF9AAB0D}.Debug|x64.Build.0 = Debug|x64
		{2BF9CCBE-54A3-4496-9768-12D1AF9AAB0D}.Debug|x64.Deploy.0 = Debug|x64
		{2BF9CCBE-54A3-4496-9768-12D1AF9AAB0D}.Debug|x86.ActiveCfg = Debug|x86
		{2BF9CCBE-54A3-4496-9768-12D1AF9AAB0D}.Debug|x86.Build.0 = Debug|x86
		{2BF9CCBE-54A3-4496-9768-12D1AF9AAB0D}.Debug|x86.Deploy.0 = Debug|x86
		{2BF9CCBE-54A3-4496-9768-12D1AF9AAB0D}.Release|Any CPU.ActiveCfg = Release|x86
		{2BF9CCBE-54A3-4496-9768-12D1AF9AAB0D}.Release|ARM.ActiveCfg = Release|ARM
		{2BF9CCBE-54A3-4496-9768-12D1AF9AAB0D}.Release|ARM.Build.0 = Release|ARM
		{2BF9CCBE-54A3-4496-9768-12D1AF9AAB0D}.Release|ARM.Deploy.0 = Release|ARM
		{2BF9CCBE-54A3-4496-9768-12D1AF9AAB0D}.Release|x64.ActiveCfg = Release|x64
		{2BF9CCBE-54A3-4496-9768-12D1AF9AAB0D}.Release|x64.Build.0 = Release|x64
		{2BF9CCBE-54A3-4496-9768-12D1AF9AAB0D}.Release|x64.Deploy.0 = Release|x64
		{2BF9CCBE-54A3-4496-9768-12D1AF9AAB0D}.Release|x86.ActiveCfg = Release|x86
		{2BF9CCBE-54A3-4496-9768-12D1AF9AAB0D}.Release|x86.Build.0 = Release|x86
		{2BF9CCBE-54A3-4496-9768-12D1AF9AAB0D}.Release|x86.Deploy.0 = Release|x86
		{CB5D303E-C6CA-463E-A3F7-AC42ACC1E6AA}.Debug|Any CPU.ActiveCfg = Debug|Any CPU
		{CB5D303E-C6CA-463E-A3F7-AC42ACC1E6AA}.Debug|Any CPU.Build.0 = Debug|Any CPU
		{CB5D303E-C6CA-463E-A3F7-AC42ACC1E6AA}.Debug|Any CPU.Deploy.0 = Debug|Any CPU
		{CB5D303E-C6CA-463E-A3F7-AC42ACC1E6AA}.Debug|ARM.ActiveCfg = Debug|Any CPU
		{CB5D303E-C6CA-463E-A3F7-AC42ACC1E6AA}.Debug|ARM.Build.0 = Debug|Any CPU
		{CB5D303E-C6CA-463E-A3F7-AC42ACC1E6AA}.Debug|ARM.Deploy.0 = Debug|Any CPU
		{CB5D303E-C6CA-463E-A3F7-AC42ACC1E6AA}.Debug|x64.ActiveCfg = Debug|Any CPU
		{CB5D303E-C6CA-463E-A3F7-AC42ACC1E6AA}.Debug|x64.Build.0 = Debug|Any CPU
		{CB5D303E-C6CA-463E-A3F7-AC42ACC1E6AA}.Debug|x64.Deploy.0 = Debug|Any CPU
		{CB5D303E-C6CA-463E-A3F7-AC42ACC1E6AA}.Debug|x86.ActiveCfg = Debug|Any CPU
		{CB5D303E-C6CA-463E-A3F7-AC42ACC1E6AA}.Debug|x86.Build.0 = Debug|Any CPU
		{CB5D303E-C6CA-463E-A3F7-AC42ACC1E6AA}.Debug|x86.Deploy.0 = Debug|Any CPU
		{CB5D303E-C6CA-463E-A3F7-AC42ACC1E6AA}.Release|Any CPU.ActiveCfg = Release|Any CPU
		{CB5D303E-C6CA-463E-A3F7-AC42ACC1E6AA}.Release|Any CPU.Build.0 = Release|Any CPU
		{CB5D303E-C6CA-463E-A3F7-AC42ACC1E6AA}.Release|Any CPU.Deploy.0 = Release|Any CPU
		{CB5D303E-C6CA-463E-A3F7-AC42ACC1E6AA}.Release|ARM.ActiveCfg = Release|Any CPU
		{CB5D303E-C6CA-463E-A3F7-AC42ACC1E6AA}.Release|ARM.Build.0 = Release|Any CPU
		{CB5D303E-C6CA-463E-A3F7-AC42ACC1E6AA}.Release|ARM.Deploy.0 = Release|Any CPU
		{CB5D303E-C6CA-463E-A3F7-AC42ACC1E6AA}.Release|x64.ActiveCfg = Release|Any CPU
		{CB5D303E-C6CA-463E-A3F7-AC42ACC1E6AA}.Release|x64.Build.0 = Release|Any CPU
		{CB5D303E-C6CA-463E-A3F7-AC42ACC1E6AA}.Release|x64.Deploy.0 = Release|Any CPU
		{CB5D303E-C6CA-463E-A3F7-AC42ACC1E6AA}.Release|x86.ActiveCfg = Release|Any CPU
		{CB5D303E-C6CA-463E-A3F7-AC42ACC1E6AA}.Release|x86.Build.0 = Release|Any CPU
		{CB5D303E-C6CA-463E-A3F7-AC42ACC1E6AA}.Release|x86.Deploy.0 = Release|Any CPU
		{9252C579-DA35-465C-A324-DDBC4D858214}.Debug|Any CPU.ActiveCfg = Debug|Any CPU
		{9252C579-DA35-465C-A324-DDBC4D858214}.Debug|Any CPU.Build.0 = Debug|Any CPU
		{9252C579-DA35-465C-A324-DDBC4D858214}.Debug|ARM.ActiveCfg = Debug|Any CPU
		{9252C579-DA35-465C-A324-DDBC4D858214}.Debug|ARM.Build.0 = Debug|Any CPU
		{9252C579-DA35-465C-A324-DDBC4D858214}.Debug|x64.ActiveCfg = Debug|Any CPU
		{9252C579-DA35-465C-A324-DDBC4D858214}.Debug|x64.Build.0 = Debug|Any CPU
		{9252C579-DA35-465C-A324-DDBC4D858214}.Debug|x86.ActiveCfg = Debug|Any CPU
		{9252C579-DA35-465C-A324-DDBC4D858214}.Debug|x86.Build.0 = Debug|Any CPU
		{9252C579-DA35-465C-A324-DDBC4D858214}.Release|Any CPU.ActiveCfg = Release|Any CPU
		{9252C579-DA35-465C-A324-DDBC4D858214}.Release|Any CPU.Build.0 = Release|Any CPU
		{9252C579-DA35-465C-A324-DDBC4D858214}.Release|ARM.ActiveCfg = Release|Any CPU
		{9252C579-DA35-465C-A324-DDBC4D858214}.Release|ARM.Build.0 = Release|Any CPU
		{9252C579-DA35-465C-A324-DDBC4D858214}.Release|x64.ActiveCfg = Release|Any CPU
		{9252C579-DA35-465C-A324-DDBC4D858214}.Release|x64.Build.0 = Release|Any CPU
		{9252C579-DA35-465C-A324-DDBC4D858214}.Release|x86.ActiveCfg = Release|Any CPU
		{9252C579-DA35-465C-A324-DDBC4D858214}.Release|x86.Build.0 = Release|Any CPU
	EndGlobalSection
	GlobalSection(SolutionProperties) = preSolution
		HideSolutionNode = FALSE
	EndGlobalSection
EndGlobal
